github.com/samber/do/v2 v2.0.0-beta.7 h1:tmdLOVSCbTA6uGWLU5poi/nZvMRh5QxXFJ9vHytU+Jk=
github.com/samber/do/v2 v2.0.0-beta.7/go.mod h1:+LpV3vu4L81Q1JMZNSkMvSkW9lt4e5eJoXoZHkeBS4c=
github.com/samber/go-type-to-string v1.7.0 h1:FiSstaAikHMUSLt5bhVlsvCnD7bbQzC8L0UkkGS3Bj8=
github.com/samber/go-type-to-string v1.7.0/go.mod h1:jpU77vIDoIxkahknKDoEx9C8bQ1ADnh2sotZ8I4QqBU=
