github.com/samber/lo v1.47.0 h1:z7RynLwP5nbyRscyvcD043DWYoOcYRv3mV8lBeqOCLc=
github.com/samber/lo v1.47.0/go.mod h1:RmDH9Ct32Qy3gduHQuKJ3gW1fMHAnE/fAzQuf6He5cU=
github.com/samber/mo v1.13.0 h1:LB1OwfJMju3a6FjghH+AIvzMG0ZPOzgTWj1qaHs1IQ4=
github.com/samber/mo v1.13.0/go.mod h1:BfkrCPuYzVG3ZljnZB783WIJIGk1mcZr9c9CPf8tAxs=
golang.org/x/text v0.21.0 h1:zyQAAkrwaneQ066sspRyJaG9VNi/YJ1NfzcGB3hZ/qo=
